
Microsoft Visual Studio Solution File, Format Version 12.00
# Visual Studio Version 17
VisualStudioVersion = 17.13.35806.99 d17.13
MinimumVisualStudioVersion = 10.0.40219.1
Project("{FAE04EC0-301F-11D3-BF4B-00C04F79EFBC}") = "InventiCloud", "InventiCloud.csproj", "{806D9F3E-D6A7-47A3-9A2B-C46E42E27006}"
EndProject
Global
	GlobalSection(SolutionConfigurationPlatforms) = preSolution
		Debug|Any CPU = Debug|Any CPU
		Release|Any CPU = Release|Any CPU
	EndGlobalSection
	GlobalSection(ProjectConfigurationPlatforms) = postSolution
		{806D9F3E-D6A7-47A3-9A2B-C46E42E27006}.Debug|Any CPU.ActiveCfg = Debug|Any CPU
		{806D9F3E-D6A7-47A3-9A2B-C46E42E27006}.Debug|Any CPU.Build.0 = Debug|Any CPU
		{806D9F3E-D6A7-47A3-9A2B-C46E42E27006}.Release|Any CPU.ActiveCfg = Release|Any CPU
		{806D9F3E-D6A7-47A3-9A2B-C46E42E27006}.Release|Any CPU.Build.0 = Release|Any CPU
	EndGlobalSection
	GlobalSection(SolutionProperties) = preSolution
		HideSolutionNode = FALSE
	EndGlobalSection
	GlobalSection(ExtensibilityGlobals) = postSolution
		SolutionGuid = {4A9850D9-C546-4DB0-8A8F-7437A48EDDAD}
	EndGlobalSection
EndGlobal
